
Microsoft Visual Studio Solution File, Format Version 12.00
# Visual Studio 15
Project("{FAE04EC0-301F-11D3-BF4B-00C04F79EFBC}") = "Assembly-CSharp", "Assembly-CSharp.csproj", "{DFD1AAA9-9066-F3A3-FA88-B73A5D967FFF}"
EndProject
Project("{FAE04EC0-301F-11D3-BF4B-00C04F79EFBC}") = "Assembly-CSharp-firstpass", "Assembly-CSharp-firstpass.csproj", "{A8F4841F-4B78-0877-2264-6BF5C365F62A}"
EndProject
Project("{FAE04EC0-301F-11D3-BF4B-00C04F79EFBC}") = "Assembly-CSharp-Editor-firstpass", "Assembly-CSharp-Editor-firstpass.csproj", "{07B035DB-BF9D-5FEC-51B6-9420854C8DA3}"
EndProject
Project("{FAE04EC0-301F-11D3-BF4B-00C04F79EFBC}") = "Assembly-CSharp-Editor", "Assembly-CSharp-Editor.csproj", "{C0DDB62F-9079-E5BA-4AF8-147BF4FB0F85}"
EndProject
Global
	GlobalSection(SolutionConfigurationPlatforms) = preSolution
		Debug|Any CPU = Debug|Any CPU
		Release|Any CPU = Release|Any CPU
	EndGlobalSection
	GlobalSection(ProjectConfigurationPlatforms) = postSolution
		{DFD1AAA9-9066-F3A3-FA88-B73A5D967FFF}.Debug|Any CPU.ActiveCfg = Debug|Any CPU
		{DFD1AAA9-9066-F3A3-FA88-B73A5D967FFF}.Debug|Any CPU.Build.0 = Debug|Any CPU
		{DFD1AAA9-9066-F3A3-FA88-B73A5D967FFF}.Release|Any CPU.ActiveCfg = Release|Any CPU
		{DFD1AAA9-9066-F3A3-FA88-B73A5D967FFF}.Release|Any CPU.Build.0 = Release|Any CPU
		{A8F4841F-4B78-0877-2264-6BF5C365F62A}.Debug|Any CPU.ActiveCfg = Debug|Any CPU
		{A8F4841F-4B78-0877-2264-6BF5C365F62A}.Debug|Any CPU.Build.0 = Debug|Any CPU
		{A8F4841F-4B78-0877-2264-6BF5C365F62A}.Release|Any CPU.ActiveCfg = Release|Any CPU
		{A8F4841F-4B78-0877-2264-6BF5C365F62A}.Release|Any CPU.Build.0 = Release|Any CPU
		{07B035DB-BF9D-5FEC-51B6-9420854C8DA3}.Debug|Any CPU.ActiveCfg = Debug|Any CPU
		{07B035DB-BF9D-5FEC-51B6-9420854C8DA3}.Debug|Any CPU.Build.0 = Debug|Any CPU
		{07B035DB-BF9D-5FEC-51B6-9420854C8DA3}.Release|Any CPU.ActiveCfg = Release|Any CPU
		{07B035DB-BF9D-5FEC-51B6-9420854C8DA3}.Release|Any CPU.Build.0 = Release|Any CPU
		{C0DDB62F-9079-E5BA-4AF8-147BF4FB0F85}.Debug|Any CPU.ActiveCfg = Debug|Any CPU
		{C0DDB62F-9079-E5BA-4AF8-147BF4FB0F85}.Debug|Any CPU.Build.0 = Debug|Any CPU
		{C0DDB62F-9079-E5BA-4AF8-147BF4FB0F85}.Release|Any CPU.ActiveCfg = Release|Any CPU
		{C0DDB62F-9079-E5BA-4AF8-147BF4FB0F85}.Release|Any CPU.Build.0 = Release|Any CPU
	EndGlobalSection
	GlobalSection(SolutionProperties) = preSolution
		HideSolutionNode = FALSE
	EndGlobalSection
EndGlobal
